// !$*UTF8*$!
{
	archiveVersion = 1;
	classes = {
	};
	objectVersion = 50;
	objects = {

/* Begin PBXBuildFile section */
		79AF4A8724554B08001BDB90 /* AppDelegate.swift in Sources */ = {isa = PBXBuildFile; fileRef = 79AF4A8624554B08001BDB90 /* AppDelegate.swift */; };
		79AF4A9024554B09001BDB90 /* Assets.xcassets in Resources */ = {isa = PBXBuildFile; fileRef = 79AF4A8F24554B09001BDB90 /* Assets.xcassets */; };
		79AF4A9324554B09001BDB90 /* LaunchScreen.storyboard in Resources */ = {isa = PBXBuildFile; fileRef = 79AF4A9124554B09001BDB90 /* LaunchScreen.storyboard */; };
		79AF4A9E24554B0A001BDB90 /* SWHubTests.swift in Sources */ = {isa = PBXBuildFile; fileRef = 79AF4A9D24554B0A001BDB90 /* SWHubTests.swift */; };
		79AF4AA924554B0A001BDB90 /* SWHubUITests.swift in Sources */ = {isa = PBXBuildFile; fileRef = 79AF4AA824554B0A001BDB90 /* SWHubUITests.swift */; };
		FD3249B3375F87DD51CA1684 /* Pods_SWHub.framework in Frameworks */ = {isa = PBXBuildFile; fileRef = 97081E0D77EA1820DC104AB3 /* Pods_SWHub.framework */; };
/* End PBXBuildFile section */

/* Begin PBXContainerItemProxy section */
		79AF4A9A24554B0A001BDB90 /* PBXContainerItemProxy */ = {
			isa = PBXContainerItemProxy;
			containerPortal = 79AF4A7B24554B08001BDB90 /* Project object */;
			proxyType = 1;
			remoteGlobalIDString = 79AF4A8224554B08001BDB90;
			remoteInfo = SWHub;
		};
		79AF4AA524554B0A001BDB90 /* PBXContainerItemProxy */ = {
			isa = PBXContainerItemProxy;
			containerPortal = 79AF4A7B24554B08001BDB90 /* Project object */;
			proxyType = 1;
			remoteGlobalIDString = 79AF4A8224554B08001BDB90;
			remoteInfo = SWHub;
		};
/* End PBXContainerItemProxy section */

/* Begin PBXFileReference section */
		1D533708BEF6D86D6FB5EB17 /* Pods-SWHub.release.xcconfig */ = {isa = PBXFileReference; includeInIndex = 1; lastKnownFileType = text.xcconfig; name = "Pods-SWHub.release.xcconfig"; path = "Target Support Files/Pods-SWHub/Pods-SWHub.release.xcconfig"; sourceTree = "<group>"; };
		79AF4A8324554B08001BDB90 /* SWHub.app */ = {isa = PBXFileReference; explicitFileType = wrapper.application; includeInIndex = 0; path = SWHub.app; sourceTree = BUILT_PRODUCTS_DIR; };
		79AF4A8624554B08001BDB90 /* AppDelegate.swift */ = {isa = PBXFileReference; lastKnownFileType = sourcecode.swift; path = AppDelegate.swift; sourceTree = "<group>"; };
		79AF4A8F24554B09001BDB90 /* Assets.xcassets */ = {isa = PBXFileReference; lastKnownFileType = folder.assetcatalog; path = Assets.xcassets; sourceTree = "<group>"; };
		79AF4A9224554B09001BDB90 /* Base */ = {isa = PBXFileReference; lastKnownFileType = file.storyboard; name = Base; path = Base.lproj/LaunchScreen.storyboard; sourceTree = "<group>"; };
		79AF4A9424554B0A001BDB90 /* Info.plist */ = {isa = PBXFileReference; lastKnownFileType = text.plist.xml; path = Info.plist; sourceTree = "<group>"; };
		79AF4A9924554B0A001BDB90 /* SWHubTests.xctest */ = {isa = PBXFileReference; explicitFileType = wrapper.cfbundle; includeInIndex = 0; path = SWHubTests.xctest; sourceTree = BUILT_PRODUCTS_DIR; };
		79AF4A9D24554B0A001BDB90 /* SWHubTests.swift */ = {isa = PBXFileReference; lastKnownFileType = sourcecode.swift; path = SWHubTests.swift; sourceTree = "<group>"; };
		79AF4A9F24554B0A001BDB90 /* Info.plist */ = {isa = PBXFileReference; lastKnownFileType = text.plist.xml; path = Info.plist; sourceTree = "<group>"; };
		79AF4AA424554B0A001BDB90 /* SWHubUITests.xctest */ = {isa = PBXFileReference; explicitFileType = wrapper.cfbundle; includeInIndex = 0; path = SWHubUITests.xctest; sourceTree = BUILT_PRODUCTS_DIR; };
		79AF4AA824554B0A001BDB90 /* SWHubUITests.swift */ = {isa = PBXFileReference; lastKnownFileType = sourcecode.swift; path = SWHubUITests.swift; sourceTree = "<group>"; };
		79AF4AAA24554B0A001BDB90 /* Info.plist */ = {isa = PBXFileReference; lastKnownFileType = text.plist.xml; path = Info.plist; sourceTree = "<group>"; };
		97081E0D77EA1820DC104AB3 /* Pods_SWHub.framework */ = {isa = PBXFileReference; explicitFileType = wrapper.framework; includeInIndex = 0; path = Pods_SWHub.framework; sourceTree = BUILT_PRODUCTS_DIR; };
		E4D31A282BEF0A84BF48C2B7 /* Pods-SWHub.debug.xcconfig */ = {isa = PBXFileReference; includeInIndex = 1; lastKnownFileType = text.xcconfig; name = "Pods-SWHub.debug.xcconfig"; path = "Target Support Files/Pods-SWHub/Pods-SWHub.debug.xcconfig"; sourceTree = "<group>"; };
/* End PBXFileReference section */

/* Begin PBXFrameworksBuildPhase section */
		79AF4A8024554B08001BDB90 /* Frameworks */ = {
			isa = PBXFrameworksBuildPhase;
			buildActionMask = 2147483647;
			files = (
				FD3249B3375F87DD51CA1684 /* Pods_SWHub.framework in Frameworks */,
			);
			runOnlyForDeploymentPostprocessing = 0;
		};
		79AF4A9624554B0A001BDB90 /* Frameworks */ = {
			isa = PBXFrameworksBuildPhase;
			buildActionMask = 2147483647;
			files = (
			);
			runOnlyForDeploymentPostprocessing = 0;
		};
		79AF4AA124554B0A001BDB90 /* Frameworks */ = {
			isa = PBXFrameworksBuildPhase;
			buildActionMask = 2147483647;
			files = (
			);
			runOnlyForDeploymentPostprocessing = 0;
		};
/* End PBXFrameworksBuildPhase section */

/* Begin PBXGroup section */
		075714F0C4CFCC3A08057129 /* Frameworks */ = {
			isa = PBXGroup;
			children = (
				97081E0D77EA1820DC104AB3 /* Pods_SWHub.framework */,
			);
			name = Frameworks;
			sourceTree = "<group>";
		};
		79AF4A7A24554B08001BDB90 = {
			isa = PBXGroup;
			children = (
				79AF4A8524554B08001BDB90 /* SWHub */,
				79AF4A9C24554B0A001BDB90 /* SWHubTests */,
				79AF4AA724554B0A001BDB90 /* SWHubUITests */,
				79AF4A8424554B08001BDB90 /* Products */,
				D8A78E795493EC5C4980DEE5 /* Pods */,
				075714F0C4CFCC3A08057129 /* Frameworks */,
			);
			sourceTree = "<group>";
		};
		79AF4A8424554B08001BDB90 /* Products */ = {
			isa = PBXGroup;
			children = (
				79AF4A8324554B08001BDB90 /* SWHub.app */,
				79AF4A9924554B0A001BDB90 /* SWHubTests.xctest */,
				79AF4AA424554B0A001BDB90 /* SWHubUITests.xctest */,
			);
			name = Products;
			sourceTree = "<group>";
		};
		79AF4A8524554B08001BDB90 /* SWHub */ = {
			isa = PBXGroup;
			children = (
				79AF4AB624554B10001BDB90 /* Core */,
			);
			path = SWHub;
			sourceTree = "<group>";
		};
		79AF4A9C24554B0A001BDB90 /* SWHubTests */ = {
			isa = PBXGroup;
			children = (
				79AF4A9D24554B0A001BDB90 /* SWHubTests.swift */,
				79AF4A9F24554B0A001BDB90 /* Info.plist */,
			);
			path = SWHubTests;
			sourceTree = "<group>";
		};
		79AF4AA724554B0A001BDB90 /* SWHubUITests */ = {
			isa = PBXGroup;
			children = (
				79AF4AA824554B0A001BDB90 /* SWHubUITests.swift */,
				79AF4AAA24554B0A001BDB90 /* Info.plist */,
			);
			path = SWHubUITests;
			sourceTree = "<group>";
		};
		79AF4AB624554B10001BDB90 /* Core */ = {
			isa = PBXGroup;
			children = (
				79AF4A8624554B08001BDB90 /* AppDelegate.swift */,
				79AF4A8F24554B09001BDB90 /* Assets.xcassets */,
				79AF4A9124554B09001BDB90 /* LaunchScreen.storyboard */,
				79AF4A9424554B0A001BDB90 /* Info.plist */,
			);
			name = Core;
			sourceTree = "<group>";
		};
		D8A78E795493EC5C4980DEE5 /* Pods */ = {
			isa = PBXGroup;
			children = (
				E4D31A282BEF0A84BF48C2B7 /* Pods-SWHub.debug.xcconfig */,
				1D533708BEF6D86D6FB5EB17 /* Pods-SWHub.release.xcconfig */,
			);
			name = Pods;
			path = Pods;
			sourceTree = "<group>";
		};
/* End PBXGroup section */

/* Begin PBXNativeTarget section */
		79AF4A8224554B08001BDB90 /* SWHub */ = {
			isa = PBXNativeTarget;
			buildConfigurationList = 79AF4AAD24554B0A001BDB90 /* Build configuration list for PBXNativeTarget "SWHub" */;
			buildPhases = (
				561BC93F734B91FF3593E4D1 /* [CP] Check Pods Manifest.lock */,
				79AF4A7F24554B08001BDB90 /* Sources */,
				79AF4A8024554B08001BDB90 /* Frameworks */,
				79AF4A8124554B08001BDB90 /* Resources */,
				E326C65FBDA9DF3B5FFBEC89 /* [CP] Embed Pods Frameworks */,
			);
			buildRules = (
			);
			dependencies = (
			);
			name = SWHub;
			productName = SWHub;
			productReference = 79AF4A8324554B08001BDB90 /* SWHub.app */;
			productType = "com.apple.product-type.application";
		};
		79AF4A9824554B0A001BDB90 /* SWHubTests */ = {
			isa = PBXNativeTarget;
			buildConfigurationList = 79AF4AB024554B0A001BDB90 /* Build configuration list for PBXNativeTarget "SWHubTests" */;
			buildPhases = (
				79AF4A9524554B0A001BDB90 /* Sources */,
				79AF4A9624554B0A001BDB90 /* Frameworks */,
				79AF4A9724554B0A001BDB90 /* Resources */,
			);
			buildRules = (
			);
			dependencies = (
				79AF4A9B24554B0A001BDB90 /* PBXTargetDependency */,
			);
			name = SWHubTests;
			productName = SWHubTests;
			productReference = 79AF4A9924554B0A001BDB90 /* SWHubTests.xctest */;
			productType = "com.apple.product-type.bundle.unit-test";
		};
		79AF4AA324554B0A001BDB90 /* SWHubUITests */ = {
			isa = PBXNativeTarget;
			buildConfigurationList = 79AF4AB324554B0A001BDB90 /* Build configuration list for PBXNativeTarget "SWHubUITests" */;
			buildPhases = (
				79AF4AA024554B0A001BDB90 /* Sources */,
				79AF4AA124554B0A001BDB90 /* Frameworks */,
				79AF4AA224554B0A001BDB90 /* Resources */,
			);
			buildRules = (
			);
			dependencies = (
				79AF4AA624554B0A001BDB90 /* PBXTargetDependency */,
			);
			name = SWHubUITests;
			productName = SWHubUITests;
			productReference = 79AF4AA424554B0A001BDB90 /* SWHubUITests.xctest */;
			productType = "com.apple.product-type.bundle.ui-testing";
		};
/* End PBXNativeTarget section */

/* Begin PBXProject section */
		79AF4A7B24554B08001BDB90 /* Project object */ = {
			isa = PBXProject;
			attributes = {
				LastSwiftUpdateCheck = 1130;
				LastUpgradeCheck = 1130;
				ORGANIZATIONNAME = "杨建祥";
				TargetAttributes = {
					79AF4A8224554B08001BDB90 = {
						CreatedOnToolsVersion = 11.3.1;
					};
					79AF4A9824554B0A001BDB90 = {
						CreatedOnToolsVersion = 11.3.1;
						TestTargetID = 79AF4A8224554B08001BDB90;
					};
					79AF4AA324554B0A001BDB90 = {
						CreatedOnToolsVersion = 11.3.1;
						TestTargetID = 79AF4A8224554B08001BDB90;
					};
				};
			};
			buildConfigurationList = 79AF4A7E24554B08001BDB90 /* Build configuration list for PBXProject "SWHub" */;
			compatibilityVersion = "Xcode 9.3";
			developmentRegion = en;
			hasScannedForEncodings = 0;
			knownRegions = (
				en,
				Base,
			);
			mainGroup = 79AF4A7A24554B08001BDB90;
			productRefGroup = 79AF4A8424554B08001BDB90 /* Products */;
			projectDirPath = "";
			projectRoot = "";
			targets = (
				79AF4A8224554B08001BDB90 /* SWHub */,
				79AF4A9824554B0A001BDB90 /* SWHubTests */,
				79AF4AA324554B0A001BDB90 /* SWHubUITests */,
			);
		};
/* End PBXProject section */

/* Begin PBXResourcesBuildPhase section */
		79AF4A8124554B08001BDB90 /* Resources */ = {
			isa = PBXResourcesBuildPhase;
			buildActionMask = 2147483647;
			files = (
				79AF4A9324554B09001BDB90 /* LaunchScreen.storyboard in Resources */,
				79AF4A9024554B09001BDB90 /* Assets.xcassets in Resources */,
			);
			runOnlyForDeploymentPostprocessing = 0;
		};
		79AF4A9724554B0A001BDB90 /* Resources */ = {
			isa = PBXResourcesBuildPhase;
			buildActionMask = 2147483647;
			files = (
			);
			runOnlyForDeploymentPostprocessing = 0;
		};
		79AF4AA224554B0A001BDB90 /* Resources */ = {
			isa = PBXResourcesBuildPhase;
			buildActionMask = 2147483647;
			files = (
			);
			runOnlyForDeploymentPostprocessing = 0;
		};
/* End PBXResourcesBuildPhase section */

/* Begin PBXShellScriptBuildPhase section */
		561BC93F734B91FF3593E4D1 /* [CP] Check Pods Manifest.lock */ = {
			isa = PBXShellScriptBuildPhase;
			buildActionMask = 2147483647;
			files = (
			);
			inputFileListPaths = (
			);
			inputPaths = (
				"${PODS_PODFILE_DIR_PATH}/Podfile.lock",
				"${PODS_ROOT}/Manifest.lock",
			);
			name = "[CP] Check Pods Manifest.lock";
			outputFileListPaths = (
			);
			outputPaths = (
				"$(DERIVED_FILE_DIR)/Pods-SWHub-checkManifestLockResult.txt",
			);
			runOnlyForDeploymentPostprocessing = 0;
			shellPath = /bin/sh;
			shellScript = "diff \"${PODS_PODFILE_DIR_PATH}/Podfile.lock\" \"${PODS_ROOT}/Manifest.lock\" > /dev/null\nif [ $? != 0 ] ; then\n    # print error to STDERR\n    echo \"error: The sandbox is not in sync with the Podfile.lock. Run 'pod install' or update your CocoaPods installation.\" >&2\n    exit 1\nfi\n# This output is used by Xcode 'outputs' to avoid re-running this script phase.\necho \"SUCCESS\" > \"${SCRIPT_OUTPUT_FILE_0}\"\n";
			showEnvVarsInLog = 0;
		};
		E326C65FBDA9DF3B5FFBEC89 /* [CP] Embed Pods Frameworks */ = {
			isa = PBXShellScriptBuildPhase;
			buildActionMask = 2147483647;
			files = (
			);
			inputFileListPaths = (
				"${PODS_ROOT}/Target Support Files/Pods-SWHub/Pods-SWHub-frameworks-${CONFIGURATION}-input-files.xcfilelist",
			);
			name = "[CP] Embed Pods Frameworks";
			outputFileListPaths = (
				"${PODS_ROOT}/Target Support Files/Pods-SWHub/Pods-SWHub-frameworks-${CONFIGURATION}-output-files.xcfilelist",
			);
			runOnlyForDeploymentPostprocessing = 0;
			shellPath = /bin/sh;
			shellScript = "\"${PODS_ROOT}/Target Support Files/Pods-SWHub/Pods-SWHub-frameworks.sh\"\n";
			showEnvVarsInLog = 0;
		};
/* End PBXShellScriptBuildPhase section */

/* Begin PBXSourcesBuildPhase section */
		79AF4A7F24554B08001BDB90 /* Sources */ = {
			isa = PBXSourcesBuildPhase;
			buildActionMask = 2147483647;
			files = (
				79AF4A8724554B08001BDB90 /* AppDelegate.swift in Sources */,
			);
			runOnlyForDeploymentPostprocessing = 0;
		};
		79AF4A9524554B0A001BDB90 /* Sources */ = {
			isa = PBXSourcesBuildPhase;
			buildActionMask = 2147483647;
			files = (
				79AF4A9E24554B0A001BDB90 /* SWHubTests.swift in Sources */,
			);
			runOnlyForDeploymentPostprocessing = 0;
		};
		79AF4AA024554B0A001BDB90 /* Sources */ = {
			isa = PBXSourcesBuildPhase;
			buildActionMask = 2147483647;
			files = (
				79AF4AA924554B0A001BDB90 /* SWHubUITests.swift in Sources */,
			);
			runOnlyForDeploymentPostprocessing = 0;
		};
/* End PBXSourcesBuildPhase section */

/* Begin PBXTargetDependency section */
		79AF4A9B24554B0A001BDB90 /* PBXTargetDependency */ = {
			isa = PBXTargetDependency;
			target = 79AF4A8224554B08001BDB90 /* SWHub */;
			targetProxy = 79AF4A9A24554B0A001BDB90 /* PBXContainerItemProxy */;
		};
		79AF4AA624554B0A001BDB90 /* PBXTargetDependency */ = {
			isa = PBXTargetDependency;
			target = 79AF4A8224554B08001BDB90 /* SWHub */;
			targetProxy = 79AF4AA524554B0A001BDB90 /* PBXContainerItemProxy */;
		};
/* End PBXTargetDependency section */

/* Begin PBXVariantGroup section */
		79AF4A9124554B09001BDB90 /* LaunchScreen.storyboard */ = {
			isa = PBXVariantGroup;
			children = (
				79AF4A9224554B09001BDB90 /* Base */,
			);
			name = LaunchScreen.storyboard;
			sourceTree = "<group>";
		};
/* End PBXVariantGroup section */

/* Begin XCBuildConfiguration section */
		79AF4AAB24554B0A001BDB90 /* Debug */ = {
			isa = XCBuildConfiguration;
			buildSettings = {
				ALWAYS_SEARCH_USER_PATHS = NO;
				CLANG_ANALYZER_NONNULL = YES;
				CLANG_ANALYZER_NUMBER_OBJECT_CONVERSION = YES_AGGRESSIVE;
				CLANG_CXX_LANGUAGE_STANDARD = "gnu++14";
				CLANG_CXX_LIBRARY = "libc++";
				CLANG_ENABLE_MODULES = YES;
				CLANG_ENABLE_OBJC_ARC = YES;
				CLANG_ENABLE_OBJC_WEAK = YES;
				CLANG_WARN_BLOCK_CAPTURE_AUTORELEASING = YES;
				CLANG_WARN_BOOL_CONVERSION = YES;
				CLANG_WARN_COMMA = YES;
				CLANG_WARN_CONSTANT_CONVERSION = YES;
				CLANG_WARN_DEPRECATED_OBJC_IMPLEMENTATIONS = YES;
				CLANG_WARN_DIRECT_OBJC_ISA_USAGE = YES_ERROR;
				CLANG_WARN_DOCUMENTATION_COMMENTS = YES;
				CLANG_WARN_EMPTY_BODY = YES;
				CLANG_WARN_ENUM_CONVERSION = YES;
				CLANG_WARN_INFINITE_RECURSION = YES;
				CLANG_WARN_INT_CONVERSION = YES;
				CLANG_WARN_NON_LITERAL_NULL_CONVERSION = YES;
				CLANG_WARN_OBJC_IMPLICIT_RETAIN_SELF = YES;
				CLANG_WARN_OBJC_LITERAL_CONVERSION = YES;
				CLANG_WARN_OBJC_ROOT_CLASS = YES_ERROR;
				CLANG_WARN_RANGE_LOOP_ANALYSIS = YES;
				CLANG_WARN_STRICT_PROTOTYPES = YES;
				CLANG_WARN_SUSPICIOUS_MOVE = YES;
				CLANG_WARN_UNGUARDED_AVAILABILITY = YES_AGGRESSIVE;
				CLANG_WARN_UNREACHABLE_CODE = YES;
				CLANG_WARN__DUPLICATE_METHOD_MATCH = YES;
				COPY_PHASE_STRIP = NO;
				DEBUG_INFORMATION_FORMAT = dwarf;
				ENABLE_STRICT_OBJC_MSGSEND = YES;
				ENABLE_TESTABILITY = YES;
				GCC_C_LANGUAGE_STANDARD = gnu11;
				GCC_DYNAMIC_NO_PIC = NO;
				GCC_NO_COMMON_BLOCKS = YES;
				GCC_OPTIMIZATION_LEVEL = 0;
				GCC_PREPROCESSOR_DEFINITIONS = (
					"DEBUG=1",
					"$(inherited)",
				);
				GCC_WARN_64_TO_32_BIT_CONVERSION = YES;
				GCC_WARN_ABOUT_RETURN_TYPE = YES_ERROR;
				GCC_WARN_UNDECLARED_SELECTOR = YES;
				GCC_WARN_UNINITIALIZED_AUTOS = YES_AGGRESSIVE;
				GCC_WARN_UNUSED_FUNCTION = YES;
				GCC_WARN_UNUSED_VARIABLE = YES;
				IPHONEOS_DEPLOYMENT_TARGET = 13.2;
				MTL_ENABLE_DEBUG_INFO = INCLUDE_SOURCE;
				MTL_FAST_MATH = YES;
				ONLY_ACTIVE_ARCH = YES;
				SDKROOT = iphoneos;
				SWIFT_ACTIVE_COMPILATION_CONDITIONS = DEBUG;
				SWIFT_OPTIMIZATION_LEVEL = "-Onone";
			};
			name = Debug;
		};
		79AF4AAC24554B0A001BDB90 /* Release */ = {
			isa = XCBuildConfiguration;
			buildSettings = {
				ALWAYS_SEARCH_USER_PATHS = NO;
				CLANG_ANALYZER_NONNULL = YES;
				CLANG_ANALYZER_NUMBER_OBJECT_CONVERSION = YES_AGGRESSIVE;
				CLANG_CXX_LANGUAGE_STANDARD = "gnu++14";
				CLANG_CXX_LIBRARY = "libc++";
				CLANG_ENABLE_MODULES = YES;
				CLANG_ENABLE_OBJC_ARC = YES;
				CLANG_ENABLE_OBJC_WEAK = YES;
				CLANG_WARN_BLOCK_CAPTURE_AUTORELEASING = YES;
				CLANG_WARN_BOOL_CONVERSION = YES;
				CLANG_WARN_COMMA = YES;
				CLANG_WARN_CONSTANT_CONVERSION = YES;
				CLANG_WARN_DEPRECATED_OBJC_IMPLEMENTATIONS = YES;
				CLANG_WARN_DIRECT_OBJC_ISA_USAGE = YES_ERROR;
				CLANG_WARN_DOCUMENTATION_COMMENTS = YES;
				CLANG_WARN_EMPTY_BODY = YES;
				CLANG_WARN_ENUM_CONVERSION = YES;
				CLANG_WARN_INFINITE_RECURSION = YES;
				CLANG_WARN_INT_CONVERSION = YES;
				CLANG_WARN_NON_LITERAL_NULL_CONVERSION = YES;
				CLANG_WARN_OBJC_IMPLICIT_RETAIN_SELF = YES;
				CLANG_WARN_OBJC_LITERAL_CONVERSION = YES;
				CLANG_WARN_OBJC_ROOT_CLASS = YES_ERROR;
				CLANG_WARN_RANGE_LOOP_ANALYSIS = YES;
				CLANG_WARN_STRICT_PROTOTYPES = YES;
				CLANG_WARN_SUSPICIOUS_MOVE = YES;
				CLANG_WARN_UNGUARDED_AVAILABILITY = YES_AGGRESSIVE;
				CLANG_WARN_UNREACHABLE_CODE = YES;
				CLANG_WARN__DUPLICATE_METHOD_MATCH = YES;
				COPY_PHASE_STRIP = NO;
				DEBUG_INFORMATION_FORMAT = "dwarf-with-dsym";
				ENABLE_NS_ASSERTIONS = NO;
				ENABLE_STRICT_OBJC_MSGSEND = YES;
				GCC_C_LANGUAGE_STANDARD = gnu11;
				GCC_NO_COMMON_BLOCKS = YES;
				GCC_WARN_64_TO_32_BIT_CONVERSION = YES;
				GCC_WARN_ABOUT_RETURN_TYPE = YES_ERROR;
				GCC_WARN_UNDECLARED_SELECTOR = YES;
				GCC_WARN_UNINITIALIZED_AUTOS = YES_AGGRESSIVE;
				GCC_WARN_UNUSED_FUNCTION = YES;
				GCC_WARN_UNUSED_VARIABLE = YES;
				IPHONEOS_DEPLOYMENT_TARGET = 13.2;
				MTL_ENABLE_DEBUG_INFO = NO;
				MTL_FAST_MATH = YES;
				SDKROOT = iphoneos;
				SWIFT_COMPILATION_MODE = wholemodule;
				SWIFT_OPTIMIZATION_LEVEL = "-O";
				VALIDATE_PRODUCT = YES;
			};
			name = Release;
		};
		79AF4AAE24554B0A001BDB90 /* Debug */ = {
			isa = XCBuildConfiguration;
			baseConfigurationReference = E4D31A282BEF0A84BF48C2B7 /* Pods-SWHub.debug.xcconfig */;
			buildSettings = {
				ASSETCATALOG_COMPILER_APPICON_NAME = AppIcon;
				CODE_SIGN_STYLE = Automatic;
				DEVELOPMENT_TEAM = KU77SE64RP;
				INFOPLIST_FILE = SWHub/Info.plist;
				LD_RUNPATH_SEARCH_PATHS = (
					"$(inherited)",
					"@executable_path/Frameworks",
				);
				PRODUCT_BUNDLE_IDENTIFIER = com.tospery.SWHub;
				PRODUCT_NAME = "$(TARGET_NAME)";
				SWIFT_VERSION = 5.0;
				TARGETED_DEVICE_FAMILY = "1,2";
			};
			name = Debug;
		};
		79AF4AAF24554B0A001BDB90 /* Release */ = {
			isa = XCBuildConfiguration;
			baseConfigurationReference = 1D533708BEF6D86D6FB5EB17 /* Pods-SWHub.release.xcconfig */;
			buildSettings = {
				ASSETCATALOG_COMPILER_APPICON_NAME = AppIcon;
				CODE_SIGN_STYLE = Automatic;
				DEVELOPMENT_TEAM = KU77SE64RP;
				INFOPLIST_FILE = SWHub/Info.plist;
				LD_RUNPATH_SEARCH_PATHS = (
					"$(inherited)",
					"@executable_path/Frameworks",
				);
				PRODUCT_BUNDLE_IDENTIFIER = com.tospery.SWHub;
				PRODUCT_NAME = "$(TARGET_NAME)";
				SWIFT_VERSION = 5.0;
				TARGETED_DEVICE_FAMILY = "1,2";
			};
			name = Release;
		};
		79AF4AB124554B0A001BDB90 /* Debug */ = {
			isa = XCBuildConfiguration;
			buildSettings = {
				ALWAYS_EMBED_SWIFT_STANDARD_LIBRARIES = YES;
				BUNDLE_LOADER = "$(TEST_HOST)";
				CODE_SIGN_STYLE = Automatic;
				DEVELOPMENT_TEAM = KU77SE64RP;
				INFOPLIST_FILE = SWHubTests/Info.plist;
				IPHONEOS_DEPLOYMENT_TARGET = 13.2;
				LD_RUNPATH_SEARCH_PATHS = (
					"$(inherited)",
					"@executable_path/Frameworks",
					"@loader_path/Frameworks",
				);
				PRODUCT_BUNDLE_IDENTIFIER = com.tospery.SWHubTests;
				PRODUCT_NAME = "$(TARGET_NAME)";
				SWIFT_VERSION = 5.0;
				TARGETED_DEVICE_FAMILY = "1,2";
				TEST_HOST = "$(BUILT_PRODUCTS_DIR)/SWHub.app/SWHub";
			};
			name = Debug;
		};
		79AF4AB224554B0A001BDB90 /* Release */ = {
			isa = XCBuildConfiguration;
			buildSettings = {
				ALWAYS_EMBED_SWIFT_STANDARD_LIBRARIES = YES;
				BUNDLE_LOADER = "$(TEST_HOST)";
				CODE_SIGN_STYLE = Automatic;
				DEVELOPMENT_TEAM = KU77SE64RP;
				INFOPLIST_FILE = SWHubTests/Info.plist;
				IPHONEOS_DEPLOYMENT_TARGET = 13.2;
				LD_RUNPATH_SEARCH_PATHS = (
					"$(inherited)",
					"@executable_path/Frameworks",
					"@loader_path/Frameworks",
				);
				PRODUCT_BUNDLE_IDENTIFIER = com.tospery.SWHubTests;
				PRODUCT_NAME = "$(TARGET_NAME)";
				SWIFT_VERSION = 5.0;
				TARGETED_DEVICE_FAMILY = "1,2";
				TEST_HOST = "$(BUILT_PRODUCTS_DIR)/SWHub.app/SWHub";
			};
			name = Release;
		};
		79AF4AB424554B0A001BDB90 /* Debug */ = {
			isa = XCBuildConfiguration;
			buildSettings = {
				ALWAYS_EMBED_SWIFT_STANDARD_LIBRARIES = YES;
				CODE_SIGN_STYLE = Automatic;
				DEVELOPMENT_TEAM = KU77SE64RP;
				INFOPLIST_FILE = SWHubUITests/Info.plist;
				LD_RUNPATH_SEARCH_PATHS = (
					"$(inherited)",
					"@executable_path/Frameworks",
					"@loader_path/Frameworks",
				);
				PRODUCT_BUNDLE_IDENTIFIER = com.tospery.SWHubUITests;
				PRODUCT_NAME = "$(TARGET_NAME)";
				SWIFT_VERSION = 5.0;
				TARGETED_DEVICE_FAMILY = "1,2";
				TEST_TARGET_NAME = SWHub;
			};
			name = Debug;
		};
		79AF4AB524554B0A001BDB90 /* Release */ = {
			isa = XCBuildConfiguration;
			buildSettings = {
				ALWAYS_EMBED_SWIFT_STANDARD_LIBRARIES = YES;
				CODE_SIGN_STYLE = Automatic;
				DEVELOPMENT_TEAM = KU77SE64RP;
				INFOPLIST_FILE = SWHubUITests/Info.plist;
				LD_RUNPATH_SEARCH_PATHS = (
					"$(inherited)",
					"@executable_path/Frameworks",
					"@loader_path/Frameworks",
				);
				PRODUCT_BUNDLE_IDENTIFIER = com.tospery.SWHubUITests;
				PRODUCT_NAME = "$(TARGET_NAME)";
				SWIFT_VERSION = 5.0;
				TARGETED_DEVICE_FAMILY = "1,2";
				TEST_TARGET_NAME = SWHub;
			};
			name = Release;
		};
/* End XCBuildConfiguration section */

/* Begin XCConfigurationList section */
		79AF4A7E24554B08001BDB90 /* Build configuration list for PBXProject "SWHub" */ = {
			isa = XCConfigurationList;
			buildConfigurations = (
				79AF4AAB24554B0A001BDB90 /* Debug */,
				79AF4AAC24554B0A001BDB90 /* Release */,
			);
			defaultConfigurationIsVisible = 0;
			defaultConfigurationName = Release;
		};
		79AF4AAD24554B0A001BDB90 /* Build configuration list for PBXNativeTarget "SWHub" */ = {
			isa = XCConfigurationList;
			buildConfigurations = (
				79AF4AAE24554B0A001BDB90 /* Debug */,
				79AF4AAF24554B0A001BDB90 /* Release */,
			);
			defaultConfigurationIsVisible = 0;
			defaultConfigurationName = Release;
		};
		79AF4AB024554B0A001BDB90 /* Build configuration list for PBXNativeTarget "SWHubTests" */ = {
			isa = XCConfigurationList;
			buildConfigurations = (
				79AF4AB124554B0A001BDB90 /* Debug */,
				79AF4AB224554B0A001BDB90 /* Release */,
			);
			defaultConfigurationIsVisible = 0;
			defaultConfigurationName = Release;
		};
		79AF4AB324554B0A001BDB90 /* Build configuration list for PBXNativeTarget "SWHubUITests" */ = {
			isa = XCConfigurationList;
			buildConfigurations = (
				79AF4AB424554B0A001BDB90 /* Debug */,
				79AF4AB524554B0A001BDB90 /* Release */,
			);
			defaultConfigurationIsVisible = 0;
			defaultConfigurationName = Release;
		};
/* End XCConfigurationList section */
	};
	rootObject = 79AF4A7B24554B08001BDB90 /* Project object */;
}
